
Microsoft Visual Studio Solution File, Format Version 12.00
# Visual Studio Version 17
VisualStudioVersion = 17.14.36603.0
MinimumVisualStudioVersion = 10.0.40219.1
Project("{FAE04EC0-301F-11D3-BF4B-00C04F79EFBC}") = "ParkingHub", "ParkingHub\ParkingHub.csproj", "{2630B57F-14C5-45B4-AD38-FDDEABAEB602}"
EndProject
Project("{E53339B2-1760-4266-BCC7-CA923CBCF16C}") = "docker-compose", "docker-compose.dcproj", "{81DDED9D-158B-E303-5F62-77A2896D2A5A}"
EndProject
Project("{FAE04EC0-301F-11D3-BF4B-00C04F79EFBC}") = "Tests", "..\Tests\Tests.csproj", "{E5DA5CD0-5582-428B-881F-E355DC2592FC}"
EndProject
Global
	GlobalSection(SolutionConfigurationPlatforms) = preSolution
		Debug|Any CPU = Debug|Any CPU
		Release|Any CPU = Release|Any CPU
	EndGlobalSection
	GlobalSection(ProjectConfigurationPlatforms) = postSolution
		{2630B57F-14C5-45B4-AD38-FDDEABAEB602}.Debug|Any CPU.ActiveCfg = Debug|Any CPU
		{2630B57F-14C5-45B4-AD38-FDDEABAEB602}.Debug|Any CPU.Build.0 = Debug|Any CPU
		{2630B57F-14C5-45B4-AD38-FDDEABAEB602}.Release|Any CPU.ActiveCfg = Release|Any CPU
		{2630B57F-14C5-45B4-AD38-FDDEABAEB602}.Release|Any CPU.Build.0 = Release|Any CPU
		{81DDED9D-158B-E303-5F62-77A2896D2A5A}.Debug|Any CPU.ActiveCfg = Debug|Any CPU
		{81DDED9D-158B-E303-5F62-77A2896D2A5A}.Debug|Any CPU.Build.0 = Debug|Any CPU
		{81DDED9D-158B-E303-5F62-77A2896D2A5A}.Release|Any CPU.ActiveCfg = Release|Any CPU
		{81DDED9D-158B-E303-5F62-77A2896D2A5A}.Release|Any CPU.Build.0 = Release|Any CPU
		{E5DA5CD0-5582-428B-881F-E355DC2592FC}.Debug|Any CPU.ActiveCfg = Debug|Any CPU
		{E5DA5CD0-5582-428B-881F-E355DC2592FC}.Debug|Any CPU.Build.0 = Debug|Any CPU
		{E5DA5CD0-5582-428B-881F-E355DC2592FC}.Release|Any CPU.ActiveCfg = Release|Any CPU
		{E5DA5CD0-5582-428B-881F-E355DC2592FC}.Release|Any CPU.Build.0 = Release|Any CPU
	EndGlobalSection
	GlobalSection(SolutionProperties) = preSolution
		HideSolutionNode = FALSE
	EndGlobalSection
	GlobalSection(ExtensibilityGlobals) = postSolution
		SolutionGuid = {CBF8ACED-A68E-4864-8181-F9D4BBA3510D}
	EndGlobalSection
EndGlobal
